
Microsoft Visual Studio Solution File, Format Version 12.00
# Visual Studio Version 17
VisualStudioVersion = 17.5.33424.131
MinimumVisualStudioVersion = 10.0.40219.1
Project("{9A19103F-16F7-4668-BE54-9A1E7A4F7556}") = "LessonMonitor.Api", "LessonMonitor.Api\LessonMonitor.Api.csproj", "{762D7135-B107-43A4-BA80-4DD717CA1526}"
EndProject
Project("{FAE04EC0-301F-11D3-BF4B-00C04F79EFBC}") = "LessonMonitor.BussinesLogic", "LessonMonitor.BussinesLogic\LessonMonitor.BussinesLogic.csproj", "{1458E183-3B39-48E9-8E36-14039A22BE96}"
EndProject
Project("{FAE04EC0-301F-11D3-BF4B-00C04F79EFBC}") = "LessonMonitor.Core", "LessonMonitor.Core\LessonMonitor.Core.csproj", "{C5943230-F51A-4085-B9AE-E255740B1975}"
EndProject
Project("{FAE04EC0-301F-11D3-BF4B-00C04F79EFBC}") = "LessonMonitor.DataAccess", "LessonMonitor.DataAccess\LessonMonitor.DataAccess.csproj", "{3893174D-CE69-4BCC-9C6B-F208A519B158}"
EndProject
Global
	GlobalSection(SolutionConfigurationPlatforms) = preSolution
		Debug|Any CPU = Debug|Any CPU
		Release|Any CPU = Release|Any CPU
	EndGlobalSection
	GlobalSection(ProjectConfigurationPlatforms) = postSolution
		{762D7135-B107-43A4-BA80-4DD717CA1526}.Debug|Any CPU.ActiveCfg = Debug|Any CPU
		{762D7135-B107-43A4-BA80-4DD717CA1526}.Debug|Any CPU.Build.0 = Debug|Any CPU
		{762D7135-B107-43A4-BA80-4DD717CA1526}.Release|Any CPU.ActiveCfg = Release|Any CPU
		{762D7135-B107-43A4-BA80-4DD717CA1526}.Release|Any CPU.Build.0 = Release|Any CPU
		{1458E183-3B39-48E9-8E36-14039A22BE96}.Debug|Any CPU.ActiveCfg = Debug|Any CPU
		{1458E183-3B39-48E9-8E36-14039A22BE96}.Debug|Any CPU.Build.0 = Debug|Any CPU
		{1458E183-3B39-48E9-8E36-14039A22BE96}.Release|Any CPU.ActiveCfg = Release|Any CPU
		{1458E183-3B39-48E9-8E36-14039A22BE96}.Release|Any CPU.Build.0 = Release|Any CPU
		{C5943230-F51A-4085-B9AE-E255740B1975}.Debug|Any CPU.ActiveCfg = Debug|Any CPU
		{C5943230-F51A-4085-B9AE-E255740B1975}.Debug|Any CPU.Build.0 = Debug|Any CPU
		{C5943230-F51A-4085-B9AE-E255740B1975}.Release|Any CPU.ActiveCfg = Release|Any CPU
		{C5943230-F51A-4085-B9AE-E255740B1975}.Release|Any CPU.Build.0 = Release|Any CPU
		{3893174D-CE69-4BCC-9C6B-F208A519B158}.Debug|Any CPU.ActiveCfg = Debug|Any CPU
		{3893174D-CE69-4BCC-9C6B-F208A519B158}.Debug|Any CPU.Build.0 = Debug|Any CPU
		{3893174D-CE69-4BCC-9C6B-F208A519B158}.Release|Any CPU.ActiveCfg = Release|Any CPU
		{3893174D-CE69-4BCC-9C6B-F208A519B158}.Release|Any CPU.Build.0 = Release|Any CPU
	EndGlobalSection
	GlobalSection(SolutionProperties) = preSolution
		HideSolutionNode = FALSE
	EndGlobalSection
	GlobalSection(ExtensibilityGlobals) = postSolution
		SolutionGuid = {8F3D3786-0E01-4738-A256-420E36F068BE}
	EndGlobalSection
EndGlobal
